
Microsoft Visual Studio Solution File, Format Version 12.00
# Visual Studio Version 17
VisualStudioVersion = 17.5.33516.290
MinimumVisualStudioVersion = 10.0.40219.1
Project("{FAE04EC0-301F-11D3-BF4B-00C04F79EFBC}") = "APEAIS-4.8", "APEAIS-4.8\APEAIS-4.8.csproj", "{C6C41A5C-078E-4DD7-ADE8-E52075660D6D}"
EndProject
Global
	GlobalSection(SolutionConfigurationPlatforms) = preSolution
		Debug|Any CPU = Debug|Any CPU
		Release|Any CPU = Release|Any CPU
	EndGlobalSection
	GlobalSection(ProjectConfigurationPlatforms) = postSolution
		{C6C41A5C-078E-4DD7-ADE8-E52075660D6D}.Debug|Any CPU.ActiveCfg = Debug|Any CPU
		{C6C41A5C-078E-4DD7-ADE8-E52075660D6D}.Debug|Any CPU.Build.0 = Debug|Any CPU
		{C6C41A5C-078E-4DD7-ADE8-E52075660D6D}.Release|Any CPU.ActiveCfg = Release|Any CPU
		{C6C41A5C-078E-4DD7-ADE8-E52075660D6D}.Release|Any CPU.Build.0 = Release|Any CPU
	EndGlobalSection
	GlobalSection(SolutionProperties) = preSolution
		HideSolutionNode = FALSE
	EndGlobalSection
	GlobalSection(ExtensibilityGlobals) = postSolution
		SolutionGuid = {96443D5D-7E14-4773-A0E6-74C1AE295607}
	EndGlobalSection
EndGlobal
